
Microsoft Visual Studio Solution File, Format Version 12.00
# Visual Studio 15
VisualStudioVersion = 15.0.28307.102
MinimumVisualStudioVersion = 10.0.40219.1
Project("{8BC9CEB8-8B4A-11D0-8D11-00A0C91BC942}") = "Sandbox", "Sandbox\Sandbox.vcxproj", "{9912E4D3-FA6B-46BD-B5CB-9E0B97437CD1}"
EndProject
Project("{8BC9CEB8-8B4A-11D0-8D11-00A0C91BC942}") = "Hazel", "Hazel\Hazel.vcxproj", "{A1B3BBCB-39A5-4E41-8F04-4D411D6D4729}"
EndProject
Global
	GlobalSection(SolutionConfigurationPlatforms) = preSolution
		Debug|x64 = Debug|x64
		Release|x64 = Release|x64
	EndGlobalSection
	GlobalSection(ProjectConfigurationPlatforms) = postSolution
		{9912E4D3-FA6B-46BD-B5CB-9E0B97437CD1}.Debug|x64.ActiveCfg = Debug|x64
		{9912E4D3-FA6B-46BD-B5CB-9E0B97437CD1}.Debug|x64.Build.0 = Debug|x64
		{9912E4D3-FA6B-46BD-B5CB-9E0B97437CD1}.Release|x64.ActiveCfg = Release|x64
		{9912E4D3-FA6B-46BD-B5CB-9E0B97437CD1}.Release|x64.Build.0 = Release|x64
		{A1B3BBCB-39A5-4E41-8F04-4D411D6D4729}.Debug|x64.ActiveCfg = Debug|x64
		{A1B3BBCB-39A5-4E41-8F04-4D411D6D4729}.Debug|x64.Build.0 = Debug|x64
		{A1B3BBCB-39A5-4E41-8F04-4D411D6D4729}.Release|x64.ActiveCfg = Release|x64
		{A1B3BBCB-39A5-4E41-8F04-4D411D6D4729}.Release|x64.Build.0 = Release|x64
	EndGlobalSection
	GlobalSection(SolutionProperties) = preSolution
		HideSolutionNode = FALSE
	EndGlobalSection
	GlobalSection(ExtensibilityGlobals) = postSolution
		SolutionGuid = {FD752046-E336-4A7F-B766-32EE6A6992B2}
	EndGlobalSection
EndGlobal
